// !$*UTF8*$!
{
	archiveVersion = 1;
	classes = {
	};
	objectVersion = 46;
	objects = {

/* Begin PBXBuildFile section */
		124791581D9A422D00E8024E /* StickerPackExtension.appex in Embed App Extensions */ = {isa = PBXBuildFile; fileRef = 124791571D9A422D00E8024E /* StickerPackExtension.appex */; settings = {ATTRIBUTES = (RemoveHeadersOnCopy, ); }; };
		1247915C1D9A422D00E8024E /* Stickers.xcstickers in Resources */ = {isa = PBXBuildFile; fileRef = 1247915B1D9A422D00E8024E /* Stickers.xcstickers */; };
		1247915D1D9A422D00E8024E /* Stickers.xcstickers in Resources */ = {isa = PBXBuildFile; fileRef = 1247915B1D9A422D00E8024E /* Stickers.xcstickers */; };
/* End PBXBuildFile section */

/* Begin PBXContainerItemProxy section */
		124791591D9A422D00E8024E /* PBXContainerItemProxy */ = {
			isa = PBXContainerItemProxy;
			containerPortal = 1247914D1D9A422D00E8024E /* Project object */;
			proxyType = 1;
			remoteGlobalIDString = 124791561D9A422D00E8024E;
			remoteInfo = StickerPackExtension;
		};
/* End PBXContainerItemProxy section */

/* Begin PBXCopyFilesBuildPhase section */
		124791631D9A422D00E8024E /* Embed App Extensions */ = {
			isa = PBXCopyFilesBuildPhase;
			buildActionMask = 2147483647;
			dstPath = "";
			dstSubfolderSpec = 13;
			files = (
				124791581D9A422D00E8024E /* StickerPackExtension.appex in Embed App Extensions */,
			);
			name = "Embed App Extensions";
			runOnlyForDeploymentPostprocessing = 0;
		};
/* End PBXCopyFilesBuildPhase section */

/* Begin PBXFileReference section */
		124791531D9A422D00E8024E /* StickerPack.app */ = {isa = PBXFileReference; explicitFileType = wrapper.application; includeInIndex = 0; path = StickerPack.app; sourceTree = BUILT_PRODUCTS_DIR; };
		124791571D9A422D00E8024E /* StickerPackExtension.appex */ = {isa = PBXFileReference; explicitFileType = "wrapper.app-extension"; includeInIndex = 0; path = StickerPackExtension.appex; sourceTree = BUILT_PRODUCTS_DIR; };
		1247915B1D9A422D00E8024E /* Stickers.xcstickers */ = {isa = PBXFileReference; lastKnownFileType = folder.stickers; name = Stickers.xcstickers; path = StickerPackExtension/Stickers.xcstickers; sourceTree = "<group>"; };
/* End PBXFileReference section */

/* Begin PBXGroup section */
		1247914C1D9A422D00E8024E = {
			isa = PBXGroup;
			children = (
				1247915B1D9A422D00E8024E /* Stickers.xcstickers */,
				124791541D9A422D00E8024E /* Products */,
			);
			sourceTree = "<group>";
		};
		124791541D9A422D00E8024E /* Products */ = {
			isa = PBXGroup;
			children = (
				124791531D9A422D00E8024E /* StickerPack.app */,
				124791571D9A422D00E8024E /* StickerPackExtension.appex */,
			);
			name = Products;
			sourceTree = "<group>";
		};
/* End PBXGroup section */

/* Begin PBXNativeTarget section */
		124791521D9A422D00E8024E /* StickerPack */ = {
			isa = PBXNativeTarget;
			buildConfigurationList = 124791641D9A422D00E8024E /* Build configuration list for PBXNativeTarget "StickerPack" */;
			buildPhases = (
				124791511D9A422D00E8024E /* Resources */,
				124791631D9A422D00E8024E /* Embed App Extensions */,
			);
			buildRules = (
			);
			dependencies = (
				1247915A1D9A422D00E8024E /* PBXTargetDependency */,
			);
			name = StickerPack;
			productName = StickerPack;
			productReference = 124791531D9A422D00E8024E /* StickerPack.app */;
			productType = "com.apple.product-type.application.messages";
		};
		124791561D9A422D00E8024E /* StickerPackExtension */ = {
			isa = PBXNativeTarget;
			buildConfigurationList = 124791601D9A422D00E8024E /* Build configuration list for PBXNativeTarget "StickerPackExtension" */;
			buildPhases = (
				124791551D9A422D00E8024E /* Resources */,
			);
			buildRules = (
			);
			dependencies = (
			);
			name = StickerPackExtension;
			productName = StickerPackExtension;
			productReference = 124791571D9A422D00E8024E /* StickerPackExtension.appex */;
			productType = "com.apple.product-type.app-extension.messages-sticker-pack";
		};
/* End PBXNativeTarget section */

/* Begin PBXProject section */
		1247914D1D9A422D00E8024E /* Project object */ = {
			isa = PBXProject;
			attributes = {
				LastUpgradeCheck = 0800;
				ORGANIZATIONNAME = "Amandeep Singh";
				TargetAttributes = {
					124791521D9A422D00E8024E = {
						CreatedOnToolsVersion = 8.0;
						ProvisioningStyle = Manual;
					};
					124791561D9A422D00E8024E = {
						CreatedOnToolsVersion = 8.0;
						DevelopmentTeam = E37PQNJVZM;
						ProvisioningStyle = Automatic;
					};
				};
			};
			buildConfigurationList = 124791501D9A422D00E8024E /* Build configuration list for PBXProject "StickerPack" */;
			compatibilityVersion = "Xcode 3.2";
			developmentRegion = English;
			hasScannedForEncodings = 0;
			knownRegions = (
				en,
			);
			mainGroup = 1247914C1D9A422D00E8024E;
			productRefGroup = 124791541D9A422D00E8024E /* Products */;
			projectDirPath = "";
			projectRoot = "";
			targets = (
				124791521D9A422D00E8024E /* StickerPack */,
				124791561D9A422D00E8024E /* StickerPackExtension */,
			);
		};
/* End PBXProject section */

/* Begin PBXResourcesBuildPhase section */
		124791511D9A422D00E8024E /* Resources */ = {
			isa = PBXResourcesBuildPhase;
			buildActionMask = 2147483647;
			files = (
				1247915D1D9A422D00E8024E /* Stickers.xcstickers in Resources */,
			);
			runOnlyForDeploymentPostprocessing = 0;
		};
		124791551D9A422D00E8024E /* Resources */ = {
			isa = PBXResourcesBuildPhase;
			buildActionMask = 2147483647;
			files = (
				1247915C1D9A422D00E8024E /* Stickers.xcstickers in Resources */,
			);
			runOnlyForDeploymentPostprocessing = 0;
		};
/* End PBXResourcesBuildPhase section */

/* Begin PBXTargetDependency section */
		1247915A1D9A422D00E8024E /* PBXTargetDependency */ = {
			isa = PBXTargetDependency;
			target = 124791561D9A422D00E8024E /* StickerPackExtension */;
			targetProxy = 124791591D9A422D00E8024E /* PBXContainerItemProxy */;
		};
/* End PBXTargetDependency section */

/* Begin XCBuildConfiguration section */
		1247915E1D9A422D00E8024E /* Debug */ = {
			isa = XCBuildConfiguration;
			buildSettings = {
				ALWAYS_SEARCH_USER_PATHS = NO;
				CLANG_ANALYZER_NONNULL = YES;
				CLANG_CXX_LANGUAGE_STANDARD = "gnu++0x";
				CLANG_CXX_LIBRARY = "libc++";
				CLANG_ENABLE_MODULES = YES;
				CLANG_ENABLE_OBJC_ARC = YES;
				CLANG_WARN_BOOL_CONVERSION = YES;
				CLANG_WARN_CONSTANT_CONVERSION = YES;
				CLANG_WARN_DIRECT_OBJC_ISA_USAGE = YES_ERROR;
				CLANG_WARN_DOCUMENTATION_COMMENTS = YES;
				CLANG_WARN_EMPTY_BODY = YES;
				CLANG_WARN_ENUM_CONVERSION = YES;
				CLANG_WARN_INFINITE_RECURSION = YES;
				CLANG_WARN_INT_CONVERSION = YES;
				CLANG_WARN_OBJC_ROOT_CLASS = YES_ERROR;
				CLANG_WARN_SUSPICIOUS_MOVES = YES;
				CLANG_WARN_UNREACHABLE_CODE = YES;
				CLANG_WARN__DUPLICATE_METHOD_MATCH = YES;
				"CODE_SIGN_IDENTITY[sdk=iphoneos*]" = "iPhone Developer";
				COPY_PHASE_STRIP = NO;
				DEBUG_INFORMATION_FORMAT = dwarf;
				ENABLE_STRICT_OBJC_MSGSEND = YES;
				ENABLE_TESTABILITY = YES;
				GCC_C_LANGUAGE_STANDARD = gnu99;
				GCC_DYNAMIC_NO_PIC = NO;
				GCC_NO_COMMON_BLOCKS = YES;
				GCC_OPTIMIZATION_LEVEL = 0;
				GCC_PREPROCESSOR_DEFINITIONS = (
					"DEBUG=1",
					"$(inherited)",
				);
				GCC_WARN_64_TO_32_BIT_CONVERSION = YES;
				GCC_WARN_ABOUT_RETURN_TYPE = YES_ERROR;
				GCC_WARN_UNDECLARED_SELECTOR = YES;
				GCC_WARN_UNINITIALIZED_AUTOS = YES_AGGRESSIVE;
				GCC_WARN_UNUSED_FUNCTION = YES;
				GCC_WARN_UNUSED_VARIABLE = YES;
				IPHONEOS_DEPLOYMENT_TARGET = 10.0;
				MTL_ENABLE_DEBUG_INFO = YES;
				ONLY_ACTIVE_ARCH = YES;
				SDKROOT = iphoneos;
			};
			name = Debug;
		};
		1247915F1D9A422D00E8024E /* Release */ = {
			isa = XCBuildConfiguration;
			buildSettings = {
				ALWAYS_SEARCH_USER_PATHS = NO;
				CLANG_ANALYZER_NONNULL = YES;
				CLANG_CXX_LANGUAGE_STANDARD = "gnu++0x";
				CLANG_CXX_LIBRARY = "libc++";
				CLANG_ENABLE_MODULES = YES;
				CLANG_ENABLE_OBJC_ARC = YES;
				CLANG_WARN_BOOL_CONVERSION = YES;
				CLANG_WARN_CONSTANT_CONVERSION = YES;
				CLANG_WARN_DIRECT_OBJC_ISA_USAGE = YES_ERROR;
				CLANG_WARN_DOCUMENTATION_COMMENTS = YES;
				CLANG_WARN_EMPTY_BODY = YES;
				CLANG_WARN_ENUM_CONVERSION = YES;
				CLANG_WARN_INFINITE_RECURSION = YES;
				CLANG_WARN_INT_CONVERSION = YES;
				CLANG_WARN_OBJC_ROOT_CLASS = YES_ERROR;
				CLANG_WARN_SUSPICIOUS_MOVES = YES;
				CLANG_WARN_UNREACHABLE_CODE = YES;
				CLANG_WARN__DUPLICATE_METHOD_MATCH = YES;
				"CODE_SIGN_IDENTITY[sdk=iphoneos*]" = "iPhone Developer";
				COPY_PHASE_STRIP = NO;
				DEBUG_INFORMATION_FORMAT = "dwarf-with-dsym";
				ENABLE_NS_ASSERTIONS = NO;
				ENABLE_STRICT_OBJC_MSGSEND = YES;
				GCC_C_LANGUAGE_STANDARD = gnu99;
				GCC_NO_COMMON_BLOCKS = YES;
				GCC_WARN_64_TO_32_BIT_CONVERSION = YES;
				GCC_WARN_ABOUT_RETURN_TYPE = YES_ERROR;
				GCC_WARN_UNDECLARED_SELECTOR = YES;
				GCC_WARN_UNINITIALIZED_AUTOS = YES_AGGRESSIVE;
				GCC_WARN_UNUSED_FUNCTION = YES;
				GCC_WARN_UNUSED_VARIABLE = YES;
				IPHONEOS_DEPLOYMENT_TARGET = 10.0;
				MTL_ENABLE_DEBUG_INFO = NO;
				SDKROOT = iphoneos;
				VALIDATE_PRODUCT = YES;
			};
			name = Release;
		};
		124791611D9A422D00E8024E /* Debug */ = {
			isa = XCBuildConfiguration;
			buildSettings = {
				ASSETCATALOG_COMPILER_APPICON_NAME = "iMessage App Icon";
				DEVELOPMENT_TEAM = E37PQNJVZM;
				INFOPLIST_FILE = StickerPackExtension/Info.plist;
				PRODUCT_BUNDLE_IDENTIFIER = com.newDistribution.test.StickerPack.StickerPackExtension;
				PRODUCT_NAME = "$(TARGET_NAME)";
				SKIP_INSTALL = YES;
			};
			name = Debug;
		};
		124791621D9A422D00E8024E /* Release */ = {
			isa = XCBuildConfiguration;
			buildSettings = {
				ASSETCATALOG_COMPILER_APPICON_NAME = "iMessage App Icon";
				DEVELOPMENT_TEAM = E37PQNJVZM;
				INFOPLIST_FILE = StickerPackExtension/Info.plist;
				PRODUCT_BUNDLE_IDENTIFIER = com.newDistribution.test.StickerPack.StickerPackExtension;
				PRODUCT_NAME = "$(TARGET_NAME)";
				SKIP_INSTALL = YES;
			};
			name = Release;
		};
		124791651D9A422D00E8024E /* Debug */ = {
			isa = XCBuildConfiguration;
			buildSettings = {
				ASSETCATALOG_COMPILER_APPICON_NAME = "iMessage App Icon";
				DEVELOPMENT_TEAM = "";
				INFOPLIST_FILE = StickerPack/Info.plist;
				PRODUCT_BUNDLE_IDENTIFIER = com.newDistribution.test.StickerPack;
				PRODUCT_NAME = "$(TARGET_NAME)";
				TARGETED_DEVICE_FAMILY = "1,2";
			};
			name = Debug;
		};
		124791661D9A422D00E8024E /* Release */ = {
			isa = XCBuildConfiguration;
			buildSettings = {
				ASSETCATALOG_COMPILER_APPICON_NAME = "iMessage App Icon";
				DEVELOPMENT_TEAM = "";
				INFOPLIST_FILE = StickerPack/Info.plist;
				PRODUCT_BUNDLE_IDENTIFIER = com.newDistribution.test.StickerPack;
				PRODUCT_NAME = "$(TARGET_NAME)";
				TARGETED_DEVICE_FAMILY = "1,2";
			};
			name = Release;
		};
/* End XCBuildConfiguration section */

/* Begin XCConfigurationList section */
		124791501D9A422D00E8024E /* Build configuration list for PBXProject "StickerPack" */ = {
			isa = XCConfigurationList;
			buildConfigurations = (
				1247915E1D9A422D00E8024E /* Debug */,
				1247915F1D9A422D00E8024E /* Release */,
			);
			defaultConfigurationIsVisible = 0;
			defaultConfigurationName = Release;
		};
		124791601D9A422D00E8024E /* Build configuration list for PBXNativeTarget "StickerPackExtension" */ = {
			isa = XCConfigurationList;
			buildConfigurations = (
				124791611D9A422D00E8024E /* Debug */,
				124791621D9A422D00E8024E /* Release */,
			);
			defaultConfigurationIsVisible = 0;
			defaultConfigurationName = Release;
		};
		124791641D9A422D00E8024E /* Build configuration list for PBXNativeTarget "StickerPack" */ = {
			isa = XCConfigurationList;
			buildConfigurations = (
				124791651D9A422D00E8024E /* Debug */,
				124791661D9A422D00E8024E /* Release */,
			);
			defaultConfigurationIsVisible = 0;
			defaultConfigurationName = Release;
		};
/* End XCConfigurationList section */
	};
	rootObject = 1247914D1D9A422D00E8024E /* Project object */;
}
